
Microsoft Visual Studio Solution File, Format Version 12.00
# Visual Studio 14
VisualStudioVersion = 14.0.23107.0
MinimumVisualStudioVersion = 10.0.40219.1
Project("{FAE04EC0-301F-11D3-BF4B-00C04F79EFBC}") = "Example01", "Example01\Example01.csproj", "{FCE3A9E4-3135-4C23-8635-64EE16006C10}"
EndProject
Project("{FAE04EC0-301F-11D3-BF4B-00C04F79EFBC}") = "Example02", "Example02\Example02.csproj", "{05C5BB12-4460-4C75-8E61-B640326BD588}"
EndProject
Project("{FAE04EC0-301F-11D3-BF4B-00C04F79EFBC}") = "Studentlibrary", "Studentlibrary\Studentlibrary.csproj", "{4035D790-0CAD-46FB-9A89-204EF184871A}"
EndProject
Project("{FAE04EC0-301F-11D3-BF4B-00C04F79EFBC}") = "student", "student\student.csproj", "{2415E033-9057-46BC-9059-9F11900CD86F}"
EndProject
Global
	GlobalSection(SolutionConfigurationPlatforms) = preSolution
		Debug|Any CPU = Debug|Any CPU
		Release|Any CPU = Release|Any CPU
	EndGlobalSection
	GlobalSection(ProjectConfigurationPlatforms) = postSolution
		{FCE3A9E4-3135-4C23-8635-64EE16006C10}.Debug|Any CPU.ActiveCfg = Debug|Any CPU
		{FCE3A9E4-3135-4C23-8635-64EE16006C10}.Debug|Any CPU.Build.0 = Debug|Any CPU
		{FCE3A9E4-3135-4C23-8635-64EE16006C10}.Release|Any CPU.ActiveCfg = Release|Any CPU
		{FCE3A9E4-3135-4C23-8635-64EE16006C10}.Release|Any CPU.Build.0 = Release|Any CPU
		{05C5BB12-4460-4C75-8E61-B640326BD588}.Debug|Any CPU.ActiveCfg = Debug|Any CPU
		{05C5BB12-4460-4C75-8E61-B640326BD588}.Debug|Any CPU.Build.0 = Debug|Any CPU
		{05C5BB12-4460-4C75-8E61-B640326BD588}.Release|Any CPU.ActiveCfg = Release|Any CPU
		{05C5BB12-4460-4C75-8E61-B640326BD588}.Release|Any CPU.Build.0 = Release|Any CPU
		{4035D790-0CAD-46FB-9A89-204EF184871A}.Debug|Any CPU.ActiveCfg = Debug|Any CPU
		{4035D790-0CAD-46FB-9A89-204EF184871A}.Debug|Any CPU.Build.0 = Debug|Any CPU
		{4035D790-0CAD-46FB-9A89-204EF184871A}.Release|Any CPU.ActiveCfg = Release|Any CPU
		{4035D790-0CAD-46FB-9A89-204EF184871A}.Release|Any CPU.Build.0 = Release|Any CPU
		{2415E033-9057-46BC-9059-9F11900CD86F}.Debug|Any CPU.ActiveCfg = Debug|Any CPU
		{2415E033-9057-46BC-9059-9F11900CD86F}.Debug|Any CPU.Build.0 = Debug|Any CPU
		{2415E033-9057-46BC-9059-9F11900CD86F}.Release|Any CPU.ActiveCfg = Release|Any CPU
		{2415E033-9057-46BC-9059-9F11900CD86F}.Release|Any CPU.Build.0 = Release|Any CPU
	EndGlobalSection
	GlobalSection(SolutionProperties) = preSolution
		HideSolutionNode = FALSE
	EndGlobalSection
EndGlobal
